
Microsoft Visual Studio Solution File, Format Version 12.00
# Visual Studio 15
VisualStudioVersion = 15.0.28010.2050
MinimumVisualStudioVersion = 10.0.40219.1
Project("{8BC9CEB8-8B4A-11D0-8D11-00A0C91BC942}") = "CodeBall", "CodeBall.vcxproj", "{B87E566B-2E8A-47AF-BC50-383EB341A5E3}"
	ProjectSection(ProjectDependencies) = postProject
		{C3ABFA77-B9D1-4B27-9DCB-8CF8EA03AF85} = {C3ABFA77-B9D1-4B27-9DCB-8CF8EA03AF85}
	EndProjectSection
EndProject
Project("{8BC9CEB8-8B4A-11D0-8D11-00A0C91BC942}") = "csimplesocket", "csimplesocket\csimplesocket.vcxproj", "{C3ABFA77-B9D1-4B27-9DCB-8CF8EA03AF85}"
EndProject
Global
	GlobalSection(Performance) = preSolution
		HasPerformanceSessions = true
	EndGlobalSection
	GlobalSection(SolutionConfigurationPlatforms) = preSolution
		Debug|x64 = Debug|x64
		Debug|x86 = Debug|x86
		Release|x64 = Release|x64
		Release|x86 = Release|x86
	EndGlobalSection
	GlobalSection(ProjectConfigurationPlatforms) = postSolution
		{B87E566B-2E8A-47AF-BC50-383EB341A5E3}.Debug|x64.ActiveCfg = Debug|x64
		{B87E566B-2E8A-47AF-BC50-383EB341A5E3}.Debug|x64.Build.0 = Debug|x64
		{B87E566B-2E8A-47AF-BC50-383EB341A5E3}.Debug|x86.ActiveCfg = Debug|Win32
		{B87E566B-2E8A-47AF-BC50-383EB341A5E3}.Debug|x86.Build.0 = Debug|Win32
		{B87E566B-2E8A-47AF-BC50-383EB341A5E3}.Release|x64.ActiveCfg = Release|x64
		{B87E566B-2E8A-47AF-BC50-383EB341A5E3}.Release|x64.Build.0 = Release|x64
		{B87E566B-2E8A-47AF-BC50-383EB341A5E3}.Release|x86.ActiveCfg = Release|Win32
		{B87E566B-2E8A-47AF-BC50-383EB341A5E3}.Release|x86.Build.0 = Release|Win32
		{C3ABFA77-B9D1-4B27-9DCB-8CF8EA03AF85}.Debug|x64.ActiveCfg = Debug|x64
		{C3ABFA77-B9D1-4B27-9DCB-8CF8EA03AF85}.Debug|x64.Build.0 = Debug|x64
		{C3ABFA77-B9D1-4B27-9DCB-8CF8EA03AF85}.Debug|x86.ActiveCfg = Debug|Win32
		{C3ABFA77-B9D1-4B27-9DCB-8CF8EA03AF85}.Debug|x86.Build.0 = Debug|Win32
		{C3ABFA77-B9D1-4B27-9DCB-8CF8EA03AF85}.Release|x64.ActiveCfg = Release|x64
		{C3ABFA77-B9D1-4B27-9DCB-8CF8EA03AF85}.Release|x64.Build.0 = Release|x64
		{C3ABFA77-B9D1-4B27-9DCB-8CF8EA03AF85}.Release|x86.ActiveCfg = Release|Win32
		{C3ABFA77-B9D1-4B27-9DCB-8CF8EA03AF85}.Release|x86.Build.0 = Release|Win32
	EndGlobalSection
	GlobalSection(SolutionProperties) = preSolution
		HideSolutionNode = FALSE
	EndGlobalSection
	GlobalSection(ExtensibilityGlobals) = postSolution
		SolutionGuid = {6B09422B-61E2-4965-B026-9AC1B9C3AA34}
	EndGlobalSection
EndGlobal
